
Microsoft Visual Studio Solution File, Format Version 12.00
# Visual Studio Version 17
VisualStudioVersion = 17.8.34316.72
MinimumVisualStudioVersion = 10.0.40219.1
Project("{9A19103F-16F7-4668-BE54-9A1E7A4F7556}") = "MediaReviewHubWeb", "MediaReviewHubWeb\MediaReviewHubWeb.csproj", "{0BF0E4BC-1BC0-4DE6-AA17-A0749193DB24}"
EndProject
Global
	GlobalSection(SolutionConfigurationPlatforms) = preSolution
		Debug|Any CPU = Debug|Any CPU
		Release|Any CPU = Release|Any CPU
	EndGlobalSection
	GlobalSection(ProjectConfigurationPlatforms) = postSolution
		{0BF0E4BC-1BC0-4DE6-AA17-A0749193DB24}.Debug|Any CPU.ActiveCfg = Debug|Any CPU
		{0BF0E4BC-1BC0-4DE6-AA17-A0749193DB24}.Debug|Any CPU.Build.0 = Debug|Any CPU
		{0BF0E4BC-1BC0-4DE6-AA17-A0749193DB24}.Release|Any CPU.ActiveCfg = Release|Any CPU
		{0BF0E4BC-1BC0-4DE6-AA17-A0749193DB24}.Release|Any CPU.Build.0 = Release|Any CPU
	EndGlobalSection
	GlobalSection(SolutionProperties) = preSolution
		HideSolutionNode = FALSE
	EndGlobalSection
	GlobalSection(ExtensibilityGlobals) = postSolution
		SolutionGuid = {9F5FF839-A0A1-4B75-9569-92B0407F2813}
	EndGlobalSection
EndGlobal
